
Microsoft Visual Studio Solution File, Format Version 12.00
# Visual Studio Version 16
VisualStudioVersion = 16.0.29025.244
MinimumVisualStudioVersion = 10.0.40219.1
Project("{FAE04EC0-301F-11D3-BF4B-00C04F79EFBC}") = "Quadrilateral_Tests", "Quadrilateral_Tests\Quadrilateral_Tests.csproj", "{8F095AA3-0B1E-481E-A1E5-5213EC1E8185}"
EndProject
Project("{FAE04EC0-301F-11D3-BF4B-00C04F79EFBC}") = "Triangle_Tests", "Triangle_Tests\Triangle_Tests.csproj", "{6269F847-5028-4EB2-BCD7-2B6896AE4012}"
EndProject
Project("{FAE04EC0-301F-11D3-BF4B-00C04F79EFBC}") = "ChallengeApplication", "ChallengeApplication\ChallengeApplication.csproj", "{575DF7FB-FCB3-4FF9-A47E-D01BEDE63F4B}"
EndProject
Project("{FAE04EC0-301F-11D3-BF4B-00C04F79EFBC}") = "ShapeCreate", "ShapeCreate\ShapeCreate.csproj", "{43BDC73D-D32A-4744-B532-3DD5C814D3A9}"
EndProject
Global
	GlobalSection(SolutionConfigurationPlatforms) = preSolution
		Debug|Any CPU = Debug|Any CPU
		Release|Any CPU = Release|Any CPU
	EndGlobalSection
	GlobalSection(ProjectConfigurationPlatforms) = postSolution
		{8F095AA3-0B1E-481E-A1E5-5213EC1E8185}.Debug|Any CPU.ActiveCfg = Debug|Any CPU
		{8F095AA3-0B1E-481E-A1E5-5213EC1E8185}.Debug|Any CPU.Build.0 = Debug|Any CPU
		{8F095AA3-0B1E-481E-A1E5-5213EC1E8185}.Release|Any CPU.ActiveCfg = Release|Any CPU
		{8F095AA3-0B1E-481E-A1E5-5213EC1E8185}.Release|Any CPU.Build.0 = Release|Any CPU
		{6269F847-5028-4EB2-BCD7-2B6896AE4012}.Debug|Any CPU.ActiveCfg = Debug|Any CPU
		{6269F847-5028-4EB2-BCD7-2B6896AE4012}.Debug|Any CPU.Build.0 = Debug|Any CPU
		{6269F847-5028-4EB2-BCD7-2B6896AE4012}.Release|Any CPU.ActiveCfg = Release|Any CPU
		{6269F847-5028-4EB2-BCD7-2B6896AE4012}.Release|Any CPU.Build.0 = Release|Any CPU
		{575DF7FB-FCB3-4FF9-A47E-D01BEDE63F4B}.Debug|Any CPU.ActiveCfg = Debug|Any CPU
		{575DF7FB-FCB3-4FF9-A47E-D01BEDE63F4B}.Debug|Any CPU.Build.0 = Debug|Any CPU
		{575DF7FB-FCB3-4FF9-A47E-D01BEDE63F4B}.Release|Any CPU.ActiveCfg = Release|Any CPU
		{575DF7FB-FCB3-4FF9-A47E-D01BEDE63F4B}.Release|Any CPU.Build.0 = Release|Any CPU
		{43BDC73D-D32A-4744-B532-3DD5C814D3A9}.Debug|Any CPU.ActiveCfg = Debug|Any CPU
		{43BDC73D-D32A-4744-B532-3DD5C814D3A9}.Debug|Any CPU.Build.0 = Debug|Any CPU
		{43BDC73D-D32A-4744-B532-3DD5C814D3A9}.Release|Any CPU.ActiveCfg = Release|Any CPU
		{43BDC73D-D32A-4744-B532-3DD5C814D3A9}.Release|Any CPU.Build.0 = Release|Any CPU
	EndGlobalSection
	GlobalSection(SolutionProperties) = preSolution
		HideSolutionNode = FALSE
	EndGlobalSection
	GlobalSection(ExtensibilityGlobals) = postSolution
		SolutionGuid = {82A5E8A4-D955-4C18-8028-43C31E991B31}
	EndGlobalSection
EndGlobal
